github.com/fealsamh/go-utils v0.1.55 h1:zDCayqHN3dZC03ismucvS0KeC76lW3x5u1VwQ7Jm2tk=
github.com/fealsamh/go-utils v0.1.55/go.mod h1:daXJWT0BXLmWexIHQUQyJY1FqUz/JgQH9QmtoZ0ZNCo=
github.com/fealsamh/go-utils v0.1.56 h1:wDM/+q1F5RgwDjv8BGlWXQZIek9OmUFCwb+LYLB+paA=
github.com/fealsamh/go-utils v0.1.56/go.mod h1:SmLBFs6xDR/7JCDncdUTrrd1svC1BYfldgu5MajPLiI=
github.com/fealsamh/go-utils v0.1.57 h1:lIoQK4x7wcuafw1r4awEBaGryc+QCBeQK06bzzQhM7w=
github.com/fealsamh/go-utils v0.1.57/go.mod h1:Ryz5Ef3MpcwZfpcTsi3woyWMk3BiEkEK1rJLRxVazh4=
github.com/fealsamh/go-utils v0.1.58 h1:yGqSUuQXdPp+qdOglWPuEAb2oCNu8omeLGCEZ7eZXqI=
github.com/fealsamh/go-utils v0.1.58/go.mod h1:Ww/Mxo6z/BesIgiUVXHCZCr6nzXqP2Qq7ri0dmR+Qrw=
github.com/fealsamh/go-utils v0.1.59 h1:bAJ2BBUXs8pFJMSDHkk+sBWM1bxhW+zyiBJLzqNVLK8=
github.com/fealsamh/go-utils v0.1.59/go.mod h1:/FQLjrNdfuaGWYXeN34LBdJRMwSaheYS4JeWMKHxebs=
github.com/fealsamh/go-utils v0.1.60 h1:besI3vQmY5S1+rCRr4T+SALsGQ7Mwr8rnPhs8Ws2Ork=
github.com/fealsamh/go-utils v0.1.60/go.mod h1:OEqD4snpkmYMs5nM+hzYomPJNtrO1KEKRcXCyvpTYiU=
github.com/fealsamh/go-utils v0.1.61 h1:Rb0jxLYdagSwh+P6r4Acc1go7WRAIE0kXMeGC45Aq/s=
github.com/fealsamh/go-utils v0.1.61/go.mod h1:FHvRsiG7D6WO3fVLB5+wHDmadeN9slBXc8N8EVW40Xs=
github.com/fealsamh/go-utils v0.1.62 h1:KMOCZB3mnC27o9UvH7gxrsX0i2AC22cyA2Ng3gFYZ28=
github.com/fealsamh/go-utils v0.1.62/go.mod h1:NclHYD8IB1mt9G4f/VsX+5bYUjECZyfWNar27FCdpoM=
github.com/fealsamh/go-utils v0.1.63 h1:I2vqUOO6dIlaXLL9oaoVvw2DyouumNI+zUk+63lftNo=
github.com/fealsamh/go-utils v0.1.63/go.mod h1:A5vmmfVgbXADr4lsnoKMk1YfPG/BTC+yzaq6JhQCFhA=
github.com/fealsamh/go-utils v0.1.64 h1:XyAH28v8oBAFyS3ZeHS3uo+lakSUtcLB+0SUxlYAiHA=
github.com/fealsamh/go-utils v0.1.64/go.mod h1:spvx4CdFsWh77PK0hXyK/D67BAlXlunOA2wFxL8/7B0=
github.com/google/go-cmp v0.7.0 h1:wk8382ETsv4JYUZwIsn6YpYiWiBsYLSJiTsyBybVuN8=
github.com/google/go-cmp v0.7.0/go.mod h1:pXiqmnSA92OHEEa9HXL2W4E7lf9JzCmGVUdgjX3N/iU=
github.com/google/jsonschema-go v0.3.0 h1:6AH2TxVNtk3IlvkkhjrtbUc4S8AvO0Xii0DxIygDg+Q=
github.com/google/jsonschema-go v0.3.0/go.mod h1:r5quNTdLOYEz95Ru18zA0ydNbBuYoo9tgaYcxEYhJVE=
github.com/google/jsonschema-go v0.4.1 h1:7Cq/xS+ykHvL5xMOjL0ONlOytAvAFcZTqDjXwrc4AtQ=
github.com/google/jsonschema-go v0.4.1/go.mod h1:r5quNTdLOYEz95Ru18zA0ydNbBuYoo9tgaYcxEYhJVE=
github.com/google/jsonschema-go v0.4.2 h1:tmrUohrwoLZZS/P3x7ex0WAVknEkBZM46iALbcqoRA8=
github.com/google/jsonschema-go v0.4.2/go.mod h1:r5quNTdLOYEz95Ru18zA0ydNbBuYoo9tgaYcxEYhJVE=
github.com/modelcontextprotocol/go-sdk v1.0.0 h1:Z4MSjLi38bTgLrd/LjSmofqRqyBiVKRyQSJgw8q8V74=
github.com/modelcontextprotocol/go-sdk v1.0.0/go.mod h1:nYtYQroQ2KQiM0/SbyEPUWQ6xs4B95gJjEalc9AQyOs=
github.com/modelcontextprotocol/go-sdk v1.1.0 h1:Qjayg53dnKC4UZ+792W21e4BpwEZBzwgRW6LrjLWSwA=
github.com/modelcontextprotocol/go-sdk v1.1.0/go.mod h1:6fM3LCm3yV7pAs8isnKLn07oKtB0MP9LHd3DfAcKw10=
github.com/modelcontextprotocol/go-sdk v1.2.0 h1:Y23co09300CEk8iZ/tMxIX1dVmKZkzoSBZOpJwUnc/s=
github.com/modelcontextprotocol/go-sdk v1.2.0/go.mod h1:6fM3LCm3yV7pAs8isnKLn07oKtB0MP9LHd3DfAcKw10=
github.com/yosida95/uritemplate/v3 v3.0.2 h1:Ed3Oyj9yrmi9087+NczuL5BwkIc4wvTb5zIM+UJPGz4=
github.com/yosida95/uritemplate/v3 v3.0.2/go.mod h1:ILOh0sOhIJR3+L/8afwt/kE++YT040gmv5BQTMR2HP4=
golang.org/x/oauth2 v0.32.0 h1:jsCblLleRMDrxMN29H3z/k1KliIvpLgCkE6R8FXXNgY=
golang.org/x/oauth2 v0.32.0/go.mod h1:lzm5WQJQwKZ3nwavOZ3IS5Aulzxi68dUSgRHujetwEA=
golang.org/x/oauth2 v0.33.0 h1:4Q+qn+E5z8gPRJfmRy7C2gGG3T4jIprK6aSYgTXGRpo=
golang.org/x/oauth2 v0.33.0/go.mod h1:lzm5WQJQwKZ3nwavOZ3IS5Aulzxi68dUSgRHujetwEA=
golang.org/x/oauth2 v0.34.0 h1:hqK/t4AKgbqWkdkcAeI8XLmbK+4m4G5YeQRrmiotGlw=
golang.org/x/oauth2 v0.34.0/go.mod h1:lzm5WQJQwKZ3nwavOZ3IS5Aulzxi68dUSgRHujetwEA=
golang.org/x/oauth2 v0.35.0 h1:Mv2mzuHuZuY2+bkyWXIHMfhNdJAdwW3FuWeCPYN5GVQ=
golang.org/x/oauth2 v0.35.0/go.mod h1:lzm5WQJQwKZ3nwavOZ3IS5Aulzxi68dUSgRHujetwEA=
golang.org/x/tools v0.34.0 h1:qIpSLOxeCYGg9TrcJokLBG4KFA6d795g0xkBkiESGlo=
golang.org/x/tools v0.34.0/go.mod h1:pAP9OwEaY1CAW3HOmg3hLZC5Z0CCmzjAF2UQMSqNARg=
